
Microsoft Visual Studio Solution File, Format Version 12.00
# Visual Studio Version 17
VisualStudioVersion = 17.7.34221.43
MinimumVisualStudioVersion = 10.0.40219.1
Project("{8BC9CEB8-8B4A-11D0-8D11-00A0C91BC942}") = "LibraryForTesting", "LibraryForTesting.vcxproj", "{88A25FDA-C394-47F2-A785-8097A8E80A57}"
EndProject
Project("{8BC9CEB8-8B4A-11D0-8D11-00A0C91BC942}") = "Tests", "..\test\test.vcxproj", "{DCA3B9D0-A7B2-4A97-816F-316E7AC34AAE}"
	ProjectSection(ProjectDependencies) = postProject
		{88A25FDA-C394-47F2-A785-8097A8E80A57} = {88A25FDA-C394-47F2-A785-8097A8E80A57}
	EndProjectSection
EndProject
Project("{8BC9CEB8-8B4A-11D0-8D11-00A0C91BC942}") = "Runner", "..\Runner\Runner.vcxproj", "{95B88F9B-852A-4A4F-A86E-A0787222EF2F}"
	ProjectSection(ProjectDependencies) = postProject
		{88A25FDA-C394-47F2-A785-8097A8E80A57} = {88A25FDA-C394-47F2-A785-8097A8E80A57}
		{DCA3B9D0-A7B2-4A97-816F-316E7AC34AAE} = {DCA3B9D0-A7B2-4A97-816F-316E7AC34AAE}
	EndProjectSection
EndProject
Global
	GlobalSection(SolutionConfigurationPlatforms) = preSolution
		Debug|x64 = Debug|x64
		Debug|x86 = Debug|x86
		Release|x64 = Release|x64
		Release|x86 = Release|x86
	EndGlobalSection
	GlobalSection(ProjectConfigurationPlatforms) = postSolution
		{88A25FDA-C394-47F2-A785-8097A8E80A57}.Debug|x64.ActiveCfg = Debug|x64
		{88A25FDA-C394-47F2-A785-8097A8E80A57}.Debug|x64.Build.0 = Debug|x64
		{88A25FDA-C394-47F2-A785-8097A8E80A57}.Debug|x86.ActiveCfg = Debug|Win32
		{88A25FDA-C394-47F2-A785-8097A8E80A57}.Debug|x86.Build.0 = Debug|Win32
		{88A25FDA-C394-47F2-A785-8097A8E80A57}.Release|x64.ActiveCfg = Release|x64
		{88A25FDA-C394-47F2-A785-8097A8E80A57}.Release|x64.Build.0 = Release|x64
		{88A25FDA-C394-47F2-A785-8097A8E80A57}.Release|x86.ActiveCfg = Release|Win32
		{88A25FDA-C394-47F2-A785-8097A8E80A57}.Release|x86.Build.0 = Release|Win32
		{DCA3B9D0-A7B2-4A97-816F-316E7AC34AAE}.Debug|x64.ActiveCfg = Debug|x64
		{DCA3B9D0-A7B2-4A97-816F-316E7AC34AAE}.Debug|x64.Build.0 = Debug|x64
		{DCA3B9D0-A7B2-4A97-816F-316E7AC34AAE}.Debug|x86.ActiveCfg = Debug|Win32
		{DCA3B9D0-A7B2-4A97-816F-316E7AC34AAE}.Debug|x86.Build.0 = Debug|Win32
		{DCA3B9D0-A7B2-4A97-816F-316E7AC34AAE}.Release|x64.ActiveCfg = Release|x64
		{DCA3B9D0-A7B2-4A97-816F-316E7AC34AAE}.Release|x64.Build.0 = Release|x64
		{DCA3B9D0-A7B2-4A97-816F-316E7AC34AAE}.Release|x86.ActiveCfg = Release|Win32
		{DCA3B9D0-A7B2-4A97-816F-316E7AC34AAE}.Release|x86.Build.0 = Release|Win32
		{95B88F9B-852A-4A4F-A86E-A0787222EF2F}.Debug|x64.ActiveCfg = Debug|x64
		{95B88F9B-852A-4A4F-A86E-A0787222EF2F}.Debug|x64.Build.0 = Debug|x64
		{95B88F9B-852A-4A4F-A86E-A0787222EF2F}.Debug|x86.ActiveCfg = Debug|Win32
		{95B88F9B-852A-4A4F-A86E-A0787222EF2F}.Debug|x86.Build.0 = Debug|Win32
		{95B88F9B-852A-4A4F-A86E-A0787222EF2F}.Release|x64.ActiveCfg = Release|x64
		{95B88F9B-852A-4A4F-A86E-A0787222EF2F}.Release|x64.Build.0 = Release|x64
		{95B88F9B-852A-4A4F-A86E-A0787222EF2F}.Release|x86.ActiveCfg = Release|Win32
		{95B88F9B-852A-4A4F-A86E-A0787222EF2F}.Release|x86.Build.0 = Release|Win32
	EndGlobalSection
	GlobalSection(SolutionProperties) = preSolution
		HideSolutionNode = FALSE
	EndGlobalSection
	GlobalSection(ExtensibilityGlobals) = postSolution
		SolutionGuid = {71140FF6-520F-4CA0-9DDD-CA65FF88EC22}
	EndGlobalSection
EndGlobal
